
Microsoft Visual Studio Solution File, Format Version 12.00
# Visual Studio Version 17
VisualStudioVersion = 17.4.33213.308
MinimumVisualStudioVersion = 10.0.40219.1
Project("{FAE04EC0-301F-11D3-BF4B-00C04F79EFBC}") = "COMP003A.Assignment4", "COMP003A.Assignment4\COMP003A.Assignment4.csproj", "{4813A785-DA45-4E5B-AE9A-F72D65604EDA}"
EndProject
Global
	GlobalSection(SolutionConfigurationPlatforms) = preSolution
		Debug|Any CPU = Debug|Any CPU
		Release|Any CPU = Release|Any CPU
	EndGlobalSection
	GlobalSection(ProjectConfigurationPlatforms) = postSolution
		{4813A785-DA45-4E5B-AE9A-F72D65604EDA}.Debug|Any CPU.ActiveCfg = Debug|Any CPU
		{4813A785-DA45-4E5B-AE9A-F72D65604EDA}.Debug|Any CPU.Build.0 = Debug|Any CPU
		{4813A785-DA45-4E5B-AE9A-F72D65604EDA}.Release|Any CPU.ActiveCfg = Release|Any CPU
		{4813A785-DA45-4E5B-AE9A-F72D65604EDA}.Release|Any CPU.Build.0 = Release|Any CPU
	EndGlobalSection
	GlobalSection(SolutionProperties) = preSolution
		HideSolutionNode = FALSE
	EndGlobalSection
	GlobalSection(ExtensibilityGlobals) = postSolution
		SolutionGuid = {0698DDCB-2A55-44BF-A377-646838CCDF9D}
	EndGlobalSection
EndGlobal
